
Microsoft Visual Studio Solution File, Format Version 12.00
# Visual Studio 2013
VisualStudioVersion = 12.0.21005.1
MinimumVisualStudioVersion = 10.0.40219.1
Project("{FAE04EC0-301F-11D3-BF4B-00C04F79EFBC}") = "switch-case练习题", "switch-case练习题\switch-case练习题.csproj", "{FA343342-35EB-4C64-AA62-60A99588BAE8}"
EndProject
Project("{FAE04EC0-301F-11D3-BF4B-00C04F79EFBC}") = "while循环", "..\..\循环结构\while循环\while循环.csproj", "{48332325-9262-4486-AAE8-C1249BB92ED1}"
EndProject
Project("{FAE04EC0-301F-11D3-BF4B-00C04F79EFBC}") = "while循环练习1", "..\..\循环结构\while循环\while循环练习1\while循环练习1.csproj", "{423EA6C3-C89F-40D8-846F-E14E75481511}"
EndProject
Global
	GlobalSection(SolutionConfigurationPlatforms) = preSolution
		Debug|Any CPU = Debug|Any CPU
		Release|Any CPU = Release|Any CPU
	EndGlobalSection
	GlobalSection(ProjectConfigurationPlatforms) = postSolution
		{FA343342-35EB-4C64-AA62-60A99588BAE8}.Debug|Any CPU.ActiveCfg = Debug|Any CPU
		{FA343342-35EB-4C64-AA62-60A99588BAE8}.Debug|Any CPU.Build.0 = Debug|Any CPU
		{FA343342-35EB-4C64-AA62-60A99588BAE8}.Release|Any CPU.ActiveCfg = Release|Any CPU
		{FA343342-35EB-4C64-AA62-60A99588BAE8}.Release|Any CPU.Build.0 = Release|Any CPU
		{48332325-9262-4486-AAE8-C1249BB92ED1}.Debug|Any CPU.ActiveCfg = Debug|Any CPU
		{48332325-9262-4486-AAE8-C1249BB92ED1}.Debug|Any CPU.Build.0 = Debug|Any CPU
		{48332325-9262-4486-AAE8-C1249BB92ED1}.Release|Any CPU.ActiveCfg = Release|Any CPU
		{48332325-9262-4486-AAE8-C1249BB92ED1}.Release|Any CPU.Build.0 = Release|Any CPU
		{423EA6C3-C89F-40D8-846F-E14E75481511}.Debug|Any CPU.ActiveCfg = Debug|Any CPU
		{423EA6C3-C89F-40D8-846F-E14E75481511}.Debug|Any CPU.Build.0 = Debug|Any CPU
		{423EA6C3-C89F-40D8-846F-E14E75481511}.Release|Any CPU.ActiveCfg = Release|Any CPU
		{423EA6C3-C89F-40D8-846F-E14E75481511}.Release|Any CPU.Build.0 = Release|Any CPU
	EndGlobalSection
	GlobalSection(SolutionProperties) = preSolution
		HideSolutionNode = FALSE
	EndGlobalSection
EndGlobal
