
Microsoft Visual Studio Solution File, Format Version 12.00
# Visual Studio 15
VisualStudioVersion = 15.0.27428.2015
MinimumVisualStudioVersion = 10.0.40219.1
Project("{FAE04EC0-301F-11D3-BF4B-00C04F79EFBC}") = "BucketSort", "BucketSort\BucketSort.csproj", "{C76B98D7-CBBE-4F8F-9632-2B799F71AAD9}"
EndProject
Global
	GlobalSection(SolutionConfigurationPlatforms) = preSolution
		Debug|Any CPU = Debug|Any CPU
		Release|Any CPU = Release|Any CPU
	EndGlobalSection
	GlobalSection(ProjectConfigurationPlatforms) = postSolution
		{C76B98D7-CBBE-4F8F-9632-2B799F71AAD9}.Debug|Any CPU.ActiveCfg = Debug|Any CPU
		{C76B98D7-CBBE-4F8F-9632-2B799F71AAD9}.Debug|Any CPU.Build.0 = Debug|Any CPU
		{C76B98D7-CBBE-4F8F-9632-2B799F71AAD9}.Release|Any CPU.ActiveCfg = Release|Any CPU
		{C76B98D7-CBBE-4F8F-9632-2B799F71AAD9}.Release|Any CPU.Build.0 = Release|Any CPU
	EndGlobalSection
	GlobalSection(SolutionProperties) = preSolution
		HideSolutionNode = FALSE
	EndGlobalSection
	GlobalSection(ExtensibilityGlobals) = postSolution
		SolutionGuid = {1C89E7F6-D57C-4B96-A7D2-B9D7B98F0599}
	EndGlobalSection
EndGlobal
