
Microsoft Visual Studio Solution File, Format Version 12.00
# Visual Studio 2013
VisualStudioVersion = 12.0.21005.1
MinimumVisualStudioVersion = 10.0.40219.1
Project("{FAE04EC0-301F-11D3-BF4B-00C04F79EFBC}") = "运算", "运算\运算.csproj", "{0311E682-A2E7-4397-85FD-075BB9A191E2}"
EndProject
Project("{FAE04EC0-301F-11D3-BF4B-00C04F79EFBC}") = "强制类型转换", "强制类型转换\强制类型转换.csproj", "{922FE45B-817E-47EB-ABFC-6F74E1F6497F}"
EndProject
Project("{FAE04EC0-301F-11D3-BF4B-00C04F79EFBC}") = "题1", "计算\题1.csproj", "{7A6C99C7-59D1-4547-8430-933F2B8674BA}"
EndProject
Global
	GlobalSection(SolutionConfigurationPlatforms) = preSolution
		Debug|Any CPU = Debug|Any CPU
		Release|Any CPU = Release|Any CPU
	EndGlobalSection
	GlobalSection(ProjectConfigurationPlatforms) = postSolution
		{0311E682-A2E7-4397-85FD-075BB9A191E2}.Debug|Any CPU.ActiveCfg = Debug|Any CPU
		{0311E682-A2E7-4397-85FD-075BB9A191E2}.Debug|Any CPU.Build.0 = Debug|Any CPU
		{0311E682-A2E7-4397-85FD-075BB9A191E2}.Release|Any CPU.ActiveCfg = Release|Any CPU
		{0311E682-A2E7-4397-85FD-075BB9A191E2}.Release|Any CPU.Build.0 = Release|Any CPU
		{922FE45B-817E-47EB-ABFC-6F74E1F6497F}.Debug|Any CPU.ActiveCfg = Debug|Any CPU
		{922FE45B-817E-47EB-ABFC-6F74E1F6497F}.Debug|Any CPU.Build.0 = Debug|Any CPU
		{922FE45B-817E-47EB-ABFC-6F74E1F6497F}.Release|Any CPU.ActiveCfg = Release|Any CPU
		{922FE45B-817E-47EB-ABFC-6F74E1F6497F}.Release|Any CPU.Build.0 = Release|Any CPU
		{7A6C99C7-59D1-4547-8430-933F2B8674BA}.Debug|Any CPU.ActiveCfg = Debug|Any CPU
		{7A6C99C7-59D1-4547-8430-933F2B8674BA}.Debug|Any CPU.Build.0 = Debug|Any CPU
		{7A6C99C7-59D1-4547-8430-933F2B8674BA}.Release|Any CPU.ActiveCfg = Release|Any CPU
		{7A6C99C7-59D1-4547-8430-933F2B8674BA}.Release|Any CPU.Build.0 = Release|Any CPU
	EndGlobalSection
	GlobalSection(SolutionProperties) = preSolution
		HideSolutionNode = FALSE
	EndGlobalSection
EndGlobal
