
Microsoft Visual Studio Solution File, Format Version 12.00
# Visual Studio 15
VisualStudioVersion = 15.0.28010.2036
MinimumVisualStudioVersion = 10.0.40219.1
Project("{FAE04EC0-301F-11D3-BF4B-00C04F79EFBC}") = "占位符练习", "占位符练习.csproj", "{530E546A-D9E8-40CE-B9FE-35D859864D62}"
EndProject
Global
	GlobalSection(SolutionConfigurationPlatforms) = preSolution
		Debug|Any CPU = Debug|Any CPU
		Release|Any CPU = Release|Any CPU
	EndGlobalSection
	GlobalSection(ProjectConfigurationPlatforms) = postSolution
		{530E546A-D9E8-40CE-B9FE-35D859864D62}.Debug|Any CPU.ActiveCfg = Debug|Any CPU
		{530E546A-D9E8-40CE-B9FE-35D859864D62}.Debug|Any CPU.Build.0 = Debug|Any CPU
		{530E546A-D9E8-40CE-B9FE-35D859864D62}.Release|Any CPU.ActiveCfg = Release|Any CPU
		{530E546A-D9E8-40CE-B9FE-35D859864D62}.Release|Any CPU.Build.0 = Release|Any CPU
	EndGlobalSection
	GlobalSection(SolutionProperties) = preSolution
		HideSolutionNode = FALSE
	EndGlobalSection
	GlobalSection(ExtensibilityGlobals) = postSolution
		SolutionGuid = {35A125E9-E88E-41AE-A69F-1556A7B22FC9}
	EndGlobalSection
EndGlobal
