
Microsoft Visual Studio Solution File, Format Version 12.00
# Visual Studio 15
VisualStudioVersion = 15.0.28010.2036
MinimumVisualStudioVersion = 10.0.40219.1
Project("{FAE04EC0-301F-11D3-BF4B-00C04F79EFBC}") = "数组", "数组\数组.csproj", "{0F3800B2-709F-4AC3-B207-E1B5B2E50AA9}"
EndProject
Global
	GlobalSection(SolutionConfigurationPlatforms) = preSolution
		Debug|Any CPU = Debug|Any CPU
		Release|Any CPU = Release|Any CPU
	EndGlobalSection
	GlobalSection(ProjectConfigurationPlatforms) = postSolution
		{0F3800B2-709F-4AC3-B207-E1B5B2E50AA9}.Debug|Any CPU.ActiveCfg = Debug|Any CPU
		{0F3800B2-709F-4AC3-B207-E1B5B2E50AA9}.Debug|Any CPU.Build.0 = Debug|Any CPU
		{0F3800B2-709F-4AC3-B207-E1B5B2E50AA9}.Release|Any CPU.ActiveCfg = Release|Any CPU
		{0F3800B2-709F-4AC3-B207-E1B5B2E50AA9}.Release|Any CPU.Build.0 = Release|Any CPU
	EndGlobalSection
	GlobalSection(SolutionProperties) = preSolution
		HideSolutionNode = FALSE
	EndGlobalSection
	GlobalSection(ExtensibilityGlobals) = postSolution
		SolutionGuid = {0311FFE5-E13F-40AF-B1FD-4939495041CE}
	EndGlobalSection
EndGlobal
