
Microsoft Visual Studio Solution File, Format Version 12.00
# Visual Studio 2013
VisualStudioVersion = 12.0.21005.1
MinimumVisualStudioVersion = 10.0.40219.1
Project("{FAE04EC0-301F-11D3-BF4B-00C04F79EFBC}") = "while循环练习2", "while循环练习2\while循环练习2.csproj", "{9A48E6A4-BCF6-4583-B5F3-0BB215E083DD}"
EndProject
Project("{FAE04EC0-301F-11D3-BF4B-00C04F79EFBC}") = "while循环练习3", "..\while循环练习3\while循环练习3.csproj", "{733F9F31-A253-4B1D-9461-775FD77AEA73}"
EndProject
Project("{FAE04EC0-301F-11D3-BF4B-00C04F79EFBC}") = "while循环练习4", "..\while循环练习4\while循环练习4.csproj", "{231617C1-4987-4CF3-9CB7-65F6B74B821F}"
EndProject
Global
	GlobalSection(SolutionConfigurationPlatforms) = preSolution
		Debug|Any CPU = Debug|Any CPU
		Release|Any CPU = Release|Any CPU
	EndGlobalSection
	GlobalSection(ProjectConfigurationPlatforms) = postSolution
		{9A48E6A4-BCF6-4583-B5F3-0BB215E083DD}.Debug|Any CPU.ActiveCfg = Debug|Any CPU
		{9A48E6A4-BCF6-4583-B5F3-0BB215E083DD}.Debug|Any CPU.Build.0 = Debug|Any CPU
		{9A48E6A4-BCF6-4583-B5F3-0BB215E083DD}.Release|Any CPU.ActiveCfg = Release|Any CPU
		{9A48E6A4-BCF6-4583-B5F3-0BB215E083DD}.Release|Any CPU.Build.0 = Release|Any CPU
		{733F9F31-A253-4B1D-9461-775FD77AEA73}.Debug|Any CPU.ActiveCfg = Debug|Any CPU
		{733F9F31-A253-4B1D-9461-775FD77AEA73}.Debug|Any CPU.Build.0 = Debug|Any CPU
		{733F9F31-A253-4B1D-9461-775FD77AEA73}.Release|Any CPU.ActiveCfg = Release|Any CPU
		{733F9F31-A253-4B1D-9461-775FD77AEA73}.Release|Any CPU.Build.0 = Release|Any CPU
		{231617C1-4987-4CF3-9CB7-65F6B74B821F}.Debug|Any CPU.ActiveCfg = Debug|Any CPU
		{231617C1-4987-4CF3-9CB7-65F6B74B821F}.Debug|Any CPU.Build.0 = Debug|Any CPU
		{231617C1-4987-4CF3-9CB7-65F6B74B821F}.Release|Any CPU.ActiveCfg = Release|Any CPU
		{231617C1-4987-4CF3-9CB7-65F6B74B821F}.Release|Any CPU.Build.0 = Release|Any CPU
	EndGlobalSection
	GlobalSection(SolutionProperties) = preSolution
		HideSolutionNode = FALSE
	EndGlobalSection
EndGlobal
