
Microsoft Visual Studio Solution File, Format Version 12.00
# Visual Studio 15
VisualStudioVersion = 15.0.28010.2036
MinimumVisualStudioVersion = 10.0.40219.1
Project("{FAE04EC0-301F-11D3-BF4B-00C04F79EFBC}") = "params参数", "params参数\params参数.csproj", "{C9D981BC-53F0-4E6A-A07B-EB0C64BEB4B7}"
EndProject
Global
	GlobalSection(SolutionConfigurationPlatforms) = preSolution
		Debug|Any CPU = Debug|Any CPU
		Release|Any CPU = Release|Any CPU
	EndGlobalSection
	GlobalSection(ProjectConfigurationPlatforms) = postSolution
		{C9D981BC-53F0-4E6A-A07B-EB0C64BEB4B7}.Debug|Any CPU.ActiveCfg = Debug|Any CPU
		{C9D981BC-53F0-4E6A-A07B-EB0C64BEB4B7}.Debug|Any CPU.Build.0 = Debug|Any CPU
		{C9D981BC-53F0-4E6A-A07B-EB0C64BEB4B7}.Release|Any CPU.ActiveCfg = Release|Any CPU
		{C9D981BC-53F0-4E6A-A07B-EB0C64BEB4B7}.Release|Any CPU.Build.0 = Release|Any CPU
	EndGlobalSection
	GlobalSection(SolutionProperties) = preSolution
		HideSolutionNode = FALSE
	EndGlobalSection
	GlobalSection(ExtensibilityGlobals) = postSolution
		SolutionGuid = {71EED884-A1E9-4543-8984-1943E84B73B1}
	EndGlobalSection
EndGlobal
