
Microsoft Visual Studio Solution File, Format Version 12.00
# Visual Studio 2013
VisualStudioVersion = 12.0.21005.1
MinimumVisualStudioVersion = 10.0.40219.1
Project("{FAE04EC0-301F-11D3-BF4B-00C04F79EFBC}") = "银行代缴水电费", "银行代缴水电费\银行代缴水电费.csproj", "{29B27C9D-2B76-473F-BBF0-CE551F18D8FD}"
EndProject
Global
	GlobalSection(SolutionConfigurationPlatforms) = preSolution
		Debug|Any CPU = Debug|Any CPU
		Release|Any CPU = Release|Any CPU
	EndGlobalSection
	GlobalSection(ProjectConfigurationPlatforms) = postSolution
		{29B27C9D-2B76-473F-BBF0-CE551F18D8FD}.Debug|Any CPU.ActiveCfg = Debug|Any CPU
		{29B27C9D-2B76-473F-BBF0-CE551F18D8FD}.Debug|Any CPU.Build.0 = Debug|Any CPU
		{29B27C9D-2B76-473F-BBF0-CE551F18D8FD}.Release|Any CPU.ActiveCfg = Release|Any CPU
		{29B27C9D-2B76-473F-BBF0-CE551F18D8FD}.Release|Any CPU.Build.0 = Release|Any CPU
	EndGlobalSection
	GlobalSection(SolutionProperties) = preSolution
		HideSolutionNode = FALSE
	EndGlobalSection
EndGlobal
